
Microsoft Visual Studio Solution File, Format Version 12.00
# Visual Studio 14
VisualStudioVersion = 14.0.25420.1
MinimumVisualStudioVersion = 10.0.40219.1
Project("{FAE04EC0-301F-11D3-BF4B-00C04F79EFBC}") = "BejeweledBlitzEmperor", "BejeweledBlitzEmperor\BejeweledBlitzEmperor.csproj", "{C23E3D8C-144A-4203-98AB-3A6E8314C553}"
EndProject
Global
	GlobalSection(SolutionConfigurationPlatforms) = preSolution
		Debug|Any CPU = Debug|Any CPU
		Release|Any CPU = Release|Any CPU
	EndGlobalSection
	GlobalSection(ProjectConfigurationPlatforms) = postSolution
		{C23E3D8C-144A-4203-98AB-3A6E8314C553}.Debug|Any CPU.ActiveCfg = Debug|Any CPU
		{C23E3D8C-144A-4203-98AB-3A6E8314C553}.Debug|Any CPU.Build.0 = Debug|Any CPU
		{C23E3D8C-144A-4203-98AB-3A6E8314C553}.Release|Any CPU.ActiveCfg = Release|Any CPU
		{C23E3D8C-144A-4203-98AB-3A6E8314C553}.Release|Any CPU.Build.0 = Release|Any CPU
	EndGlobalSection
	GlobalSection(SolutionProperties) = preSolution
		HideSolutionNode = FALSE
	EndGlobalSection
EndGlobal
